
Microsoft Visual Studio Solution File, Format Version 12.00
Project("{FAE04EC0-301F-11D3-BF4B-00C04F79EFBC}") = "CustomerOrder", "CustomerOrder\CustomerOrder.csproj", "{58F76679-E4D0-4757-AFA7-8FB94A1EA28B}"
EndProject
Project("{FAE04EC0-301F-11D3-BF4B-00C04F79EFBC}") = "CustomerOrder.Tests", "CustomerOrder.Tests\CustomerOrder.Tests.csproj", "{F9F39409-26DC-4545-8527-F924C97A8D38}"
EndProject
Global
	GlobalSection(SolutionConfigurationPlatforms) = preSolution
		Debug|Any CPU = Debug|Any CPU
		Debug|x64 = Debug|x64
		Debug|x86 = Debug|x86
		Release|Any CPU = Release|Any CPU
		Release|x64 = Release|x64
		Release|x86 = Release|x86
	EndGlobalSection
	GlobalSection(ProjectConfigurationPlatforms) = postSolution
		{58F76679-E4D0-4757-AFA7-8FB94A1EA28B}.Debug|Any CPU.ActiveCfg = Debug|Any CPU
		{58F76679-E4D0-4757-AFA7-8FB94A1EA28B}.Debug|Any CPU.Build.0 = Debug|Any CPU
		{58F76679-E4D0-4757-AFA7-8FB94A1EA28B}.Debug|x64.ActiveCfg = Debug|Any CPU
		{58F76679-E4D0-4757-AFA7-8FB94A1EA28B}.Debug|x64.Build.0 = Debug|Any CPU
		{58F76679-E4D0-4757-AFA7-8FB94A1EA28B}.Debug|x86.ActiveCfg = Debug|Any CPU
		{58F76679-E4D0-4757-AFA7-8FB94A1EA28B}.Debug|x86.Build.0 = Debug|Any CPU
		{58F76679-E4D0-4757-AFA7-8FB94A1EA28B}.Release|Any CPU.ActiveCfg = Release|Any CPU
		{58F76679-E4D0-4757-AFA7-8FB94A1EA28B}.Release|Any CPU.Build.0 = Release|Any CPU
		{58F76679-E4D0-4757-AFA7-8FB94A1EA28B}.Release|x64.ActiveCfg = Release|Any CPU
		{58F76679-E4D0-4757-AFA7-8FB94A1EA28B}.Release|x64.Build.0 = Release|Any CPU
		{58F76679-E4D0-4757-AFA7-8FB94A1EA28B}.Release|x86.ActiveCfg = Release|Any CPU
		{58F76679-E4D0-4757-AFA7-8FB94A1EA28B}.Release|x86.Build.0 = Release|Any CPU
		{F9F39409-26DC-4545-8527-F924C97A8D38}.Debug|Any CPU.ActiveCfg = Debug|Any CPU
		{F9F39409-26DC-4545-8527-F924C97A8D38}.Debug|Any CPU.Build.0 = Debug|Any CPU
		{F9F39409-26DC-4545-8527-F924C97A8D38}.Debug|x64.ActiveCfg = Debug|Any CPU
		{F9F39409-26DC-4545-8527-F924C97A8D38}.Debug|x64.Build.0 = Debug|Any CPU
		{F9F39409-26DC-4545-8527-F924C97A8D38}.Debug|x86.ActiveCfg = Debug|Any CPU
		{F9F39409-26DC-4545-8527-F924C97A8D38}.Debug|x86.Build.0 = Debug|Any CPU
		{F9F39409-26DC-4545-8527-F924C97A8D38}.Release|Any CPU.ActiveCfg = Release|Any CPU
		{F9F39409-26DC-4545-8527-F924C97A8D38}.Release|Any CPU.Build.0 = Release|Any CPU
		{F9F39409-26DC-4545-8527-F924C97A8D38}.Release|x64.ActiveCfg = Release|Any CPU
		{F9F39409-26DC-4545-8527-F924C97A8D38}.Release|x64.Build.0 = Release|Any CPU
		{F9F39409-26DC-4545-8527-F924C97A8D38}.Release|x86.ActiveCfg = Release|Any CPU
		{F9F39409-26DC-4545-8527-F924C97A8D38}.Release|x86.Build.0 = Release|Any CPU
	EndGlobalSection
	GlobalSection(SolutionProperties) = preSolution
		HideSolutionNode = FALSE
	EndGlobalSection
EndGlobal
